
Microsoft Visual Studio Solution File, Format Version 12.00
# Visual Studio Version 16
VisualStudioVersion = 16.0.31205.134
MinimumVisualStudioVersion = 10.0.40219.1
Project("{FAE04EC0-301F-11D3-BF4B-00C04F79EFBC}") = "LinkedListDemo", "LinkedList\LinkedListDemo.csproj", "{DBF8F8C2-C299-4E46-A027-67B753D2815D}"
EndProject
Global
	GlobalSection(SolutionConfigurationPlatforms) = preSolution
		Debug|Any CPU = Debug|Any CPU
		Release|Any CPU = Release|Any CPU
	EndGlobalSection
	GlobalSection(ProjectConfigurationPlatforms) = postSolution
		{DBF8F8C2-C299-4E46-A027-67B753D2815D}.Debug|Any CPU.ActiveCfg = Debug|Any CPU
		{DBF8F8C2-C299-4E46-A027-67B753D2815D}.Debug|Any CPU.Build.0 = Debug|Any CPU
		{DBF8F8C2-C299-4E46-A027-67B753D2815D}.Release|Any CPU.ActiveCfg = Release|Any CPU
		{DBF8F8C2-C299-4E46-A027-67B753D2815D}.Release|Any CPU.Build.0 = Release|Any CPU
	EndGlobalSection
	GlobalSection(SolutionProperties) = preSolution
		HideSolutionNode = FALSE
	EndGlobalSection
	GlobalSection(ExtensibilityGlobals) = postSolution
		SolutionGuid = {D8FFA0EE-9A4D-49A2-A3DC-CC781D90A480}
	EndGlobalSection
EndGlobal
